
Microsoft Visual Studio Solution File, Format Version 11.00
# Visual Studio 2010
Project("{FAE04EC0-301F-11D3-BF4B-00C04F79EFBC}") = "probando nuevo vu", "Assembly-CSharp.csproj", "{96B05199-4D03-7AB4-E146-0086FF439FC3}"
EndProject
Project("{FAE04EC0-301F-11D3-BF4B-00C04F79EFBC}") = "probando nuevo vu", "Assembly-CSharp-Editor.csproj", "{906F99F4-FB73-C674-CC0E-A6FC8B50A5A1}"
EndProject
Global
	GlobalSection(SolutionConfigurationPlatforms) = preSolution
		Debug|Any CPU = Debug|Any CPU
		Release|Any CPU = Release|Any CPU
	EndGlobalSection
	GlobalSection(ProjectConfigurationPlatforms) = postSolution
		{96B05199-4D03-7AB4-E146-0086FF439FC3}.Debug|Any CPU.ActiveCfg = Debug|Any CPU
		{96B05199-4D03-7AB4-E146-0086FF439FC3}.Debug|Any CPU.Build.0 = Debug|Any CPU
		{96B05199-4D03-7AB4-E146-0086FF439FC3}.Release|Any CPU.ActiveCfg = Release|Any CPU
		{96B05199-4D03-7AB4-E146-0086FF439FC3}.Release|Any CPU.Build.0 = Release|Any CPU
		{906F99F4-FB73-C674-CC0E-A6FC8B50A5A1}.Debug|Any CPU.ActiveCfg = Debug|Any CPU
		{906F99F4-FB73-C674-CC0E-A6FC8B50A5A1}.Debug|Any CPU.Build.0 = Debug|Any CPU
		{906F99F4-FB73-C674-CC0E-A6FC8B50A5A1}.Release|Any CPU.ActiveCfg = Release|Any CPU
		{906F99F4-FB73-C674-CC0E-A6FC8B50A5A1}.Release|Any CPU.Build.0 = Release|Any CPU
	EndGlobalSection
	GlobalSection(SolutionProperties) = preSolution
		HideSolutionNode = FALSE
	EndGlobalSection
	GlobalSection(MonoDevelopProperties) = preSolution
		StartupItem = Assembly-CSharp.csproj
	EndGlobalSection
EndGlobal
